
Microsoft Visual Studio Solution File, Format Version 12.00
# Visual Studio 2017
Project("{FAE04EC0-301F-11D3-BF4B-00C04F79EFBC}") = "JustSlide", "JustSlide.csproj", "{1C8771A0-C037-0284-15B9-8C530BA1265E}"
EndProject
Project("{FAE04EC0-301F-11D3-BF4B-00C04F79EFBC}") = "JustSlide.Plugins", "JustSlide.Plugins.csproj", "{6D67986E-7555-7E16-9450-14B788696C84}"
EndProject
Project("{FAE04EC0-301F-11D3-BF4B-00C04F79EFBC}") = "JustSlide.Editor", "JustSlide.Editor.csproj", "{CD71E6E3-FEE5-3D35-FEFF-8A47E7F53DBD}"
EndProject
Project("{FAE04EC0-301F-11D3-BF4B-00C04F79EFBC}") = "JustSlide.Editor.Plugins", "JustSlide.Editor.Plugins.csproj", "{B2912E3E-7859-8DCC-E5D9-C997A2BD6C88}"
EndProject
Global
	GlobalSection(SolutionConfigurationPlatforms) = preSolution
		Debug|Any CPU = Debug|Any CPU
		Release|Any CPU = Release|Any CPU
	EndGlobalSection
	GlobalSection(ProjectConfigurationPlatforms) = postSolution
		{1C8771A0-C037-0284-15B9-8C530BA1265E}.Debug|Any CPU.ActiveCfg = Debug|Any CPU
		{1C8771A0-C037-0284-15B9-8C530BA1265E}.Debug|Any CPU.Build.0 = Debug|Any CPU
		{1C8771A0-C037-0284-15B9-8C530BA1265E}.Release|Any CPU.ActiveCfg = Release|Any CPU
		{1C8771A0-C037-0284-15B9-8C530BA1265E}.Release|Any CPU.Build.0 = Release|Any CPU
		{6D67986E-7555-7E16-9450-14B788696C84}.Debug|Any CPU.ActiveCfg = Debug|Any CPU
		{6D67986E-7555-7E16-9450-14B788696C84}.Debug|Any CPU.Build.0 = Debug|Any CPU
		{6D67986E-7555-7E16-9450-14B788696C84}.Release|Any CPU.ActiveCfg = Release|Any CPU
		{6D67986E-7555-7E16-9450-14B788696C84}.Release|Any CPU.Build.0 = Release|Any CPU
		{CD71E6E3-FEE5-3D35-FEFF-8A47E7F53DBD}.Debug|Any CPU.ActiveCfg = Debug|Any CPU
		{CD71E6E3-FEE5-3D35-FEFF-8A47E7F53DBD}.Debug|Any CPU.Build.0 = Debug|Any CPU
		{CD71E6E3-FEE5-3D35-FEFF-8A47E7F53DBD}.Release|Any CPU.ActiveCfg = Release|Any CPU
		{CD71E6E3-FEE5-3D35-FEFF-8A47E7F53DBD}.Release|Any CPU.Build.0 = Release|Any CPU
		{B2912E3E-7859-8DCC-E5D9-C997A2BD6C88}.Debug|Any CPU.ActiveCfg = Debug|Any CPU
		{B2912E3E-7859-8DCC-E5D9-C997A2BD6C88}.Debug|Any CPU.Build.0 = Debug|Any CPU
		{B2912E3E-7859-8DCC-E5D9-C997A2BD6C88}.Release|Any CPU.ActiveCfg = Release|Any CPU
		{B2912E3E-7859-8DCC-E5D9-C997A2BD6C88}.Release|Any CPU.Build.0 = Release|Any CPU
	EndGlobalSection
	GlobalSection(SolutionProperties) = preSolution
		HideSolutionNode = FALSE
	EndGlobalSection
EndGlobal
